{
  "version": 4,
  "terraform_version": "1.5.7",
  "serial": 130,
  "lineage": "3e145829-fd7a-9723-9273-4fcad4dc274a",
  "outputs": {},
  "resources": [
    {
      "mode": "managed",
      "type": "aws_iam_role",
      "name": "lambda_smart_rag",
      "provider": "provider[\"registry.terraform.io/hashicorp/aws\"]",
      "instances": [
        {
          "schema_version": 0,
          "attributes": {
            "arn": "arn:aws:iam::684969100054:role/lambda-smart-rag-role",
            "assume_role_policy": "{\"Statement\":[{\"Action\":\"sts:AssumeRole\",\"Effect\":\"Allow\",\"Principal\":{\"Service\":\"lambda.amazonaws.com\"}}],\"Version\":\"2012-10-17\"}",
            "create_date": "2026-02-12T21:18:43Z",
            "description": "",
            "force_detach_policies": false,
            "id": "lambda-smart-rag-role",
            "inline_policy": [],
            "managed_policy_arns": [],
            "max_session_duration": 3600,
            "name": "lambda-smart-rag-role",
            "name_prefix": "",
            "path": "/",
            "permissions_boundary": "",
            "tags": null,
            "tags_all": {
              "application": "Analytical Platform",
              "business-unit": "Central Digital",
              "component": "MOJ DE User Guidance",
              "environment": "sandbox",
              "infrastructure-support": "analytical-platform:analytical-platform@digital.justice.gov.uk",
              "is-production": "false",
              "owner": "analytical-platform:analytical-platform@digital.justice.gov.uk",
              "source-code": "github.com/ministryofjustice/analytical-platform"
            },
            "unique_id": "AROAZ662XAMLPXNQ4A5RO"
          },
          "sensitive_attributes": [],
          "private": "bnVsbA=="
        }
      ]
    },
    {
      "mode": "managed",
      "type": "aws_iam_role_policy",
      "name": "lambda_smart_rag_bedrock_access",
      "provider": "provider[\"registry.terraform.io/hashicorp/aws\"]",
      "instances": [
        {
          "schema_version": 0,
          "attributes": {
            "id": "lambda-smart-rag-role:BedrockAccess",
            "name": "BedrockAccess",
            "name_prefix": "",
            "policy": "{\"Version\":\"2012-10-17\",\"Statement\":[{\"Action\":[\"bedrock:InvokeModel\",\"bedrock:InvokeModelWithResponseStream\"],\"Effect\":\"Allow\",\"Resource\":[\"arn:aws:bedrock:eu-west-1::foundation-model/anthropic.claude-3-sonnet-20240229-v1:0\",\"arn:aws:bedrock:eu-west-1::foundation-model/anthropic.claude-3-5-sonnet-20241022-v2:0\",\"arn:aws:bedrock:eu-west-1::foundation-model/*\"],\"Sid\":\"BedrockModelAccess\"},{\"Action\":[\"bedrock:Retrieve\",\"bedrock:RetrieveAndGenerate\"],\"Effect\":\"Allow\",\"Resource\":[\"arn:aws:bedrock:eu-west-1:684969100054:knowledge-base/*\"],\"Sid\":\"BedrockKnowledgeBaseAccess\"}]}",
            "role": "lambda-smart-rag-role"
          },
          "sensitive_attributes": [],
          "private": "bnVsbA==",
          "dependencies": [
            "aws_iam_role.lambda_smart_rag"
          ]
        }
      ]
    },
    {
      "mode": "managed",
      "type": "aws_iam_role_policy",
      "name": "lambda_smart_rag_cloudwatch_logs",
      "provider": "provider[\"registry.terraform.io/hashicorp/aws\"]",
      "instances": [
        {
          "schema_version": 0,
          "attributes": {
            "id": "lambda-smart-rag-role:AWSLambdaBasicExecutionRole-f714bd22-0c83-4d12-97f2-0613c4d5ab47",
            "name": "AWSLambdaBasicExecutionRole-f714bd22-0c83-4d12-97f2-0613c4d5ab47",
            "name_prefix": "",
            "policy": "{\"Version\":\"2012-10-17\",\"Statement\":[{\"Action\":\"logs:CreateLogGroup\",\"Effect\":\"Allow\",\"Resource\":\"arn:aws:logs:eu-west-1:684969100054:*\"},{\"Action\":[\"logs:CreateLogStream\",\"logs:PutLogEvents\"],\"Effect\":\"Allow\",\"Resource\":[\"arn:aws:logs:eu-west-1:684969100054:log-group:/aws/lambda/lambda_smart_rag:*\"]}]}",
            "role": "lambda-smart-rag-role"
          },
          "sensitive_attributes": [],
          "private": "bnVsbA==",
          "dependencies": [
            "aws_iam_role.lambda_smart_rag"
          ]
        }
      ]
    },
    {
      "mode": "managed",
      "type": "aws_iam_role_policy",
      "name": "lambda_smart_rag_s3_access",
      "provider": "provider[\"registry.terraform.io/hashicorp/aws\"]",
      "instances": [
        {
          "schema_version": 0,
          "attributes": {
            "id": "lambda-smart-rag-role:lambda-smart-rag-s3-access",
            "name": "lambda-smart-rag-s3-access",
            "name_prefix": "",
            "policy": "{\"Version\":\"2012-10-17\",\"Statement\":[{\"Action\":[\"s3:GetObject\",\"s3:PutObject\",\"s3:ListBucket\"],\"Effect\":\"Allow\",\"Resource\":[\"arn:aws:s3:::moj-de-user-guidance\",\"arn:aws:s3:::moj-de-user-guidance/*\"]}]}",
            "role": "lambda-smart-rag-role"
          },
          "sensitive_attributes": [],
          "private": "bnVsbA==",
          "dependencies": [
            "aws_iam_role.lambda_smart_rag",
            "module.moj_de_user_guidance.aws_s3_bucket.this"
          ]
        }
      ]
    },
    {
      "module": "module.lambda_smart_rag",
      "mode": "data",
      "type": "aws_caller_identity",
      "name": "current",
      "provider": "provider[\"registry.terraform.io/hashicorp/aws\"]",
      "instances": [
        {
          "schema_version": 0,
          "attributes": {
            "account_id": "684969100054",
            "arn": "arn:aws:sts::684969100054:assumed-role/GlobalGitHubActionAdmin/aws-go-sdk-1770931092770991000",
            "id": "684969100054",
            "user_id": "AROAZ662XAMLLQG5NWOPK:aws-go-sdk-1770931092770991000"
          },
          "sensitive_attributes": []
        }
      ]
    },
    {
      "module": "module.lambda_smart_rag",
      "mode": "data",
      "type": "aws_partition",
      "name": "current",
      "provider": "provider[\"registry.terraform.io/hashicorp/aws\"]",
      "instances": [
        {
          "schema_version": 0,
          "attributes": {
            "dns_suffix": "amazonaws.com",
            "id": "aws",
            "partition": "aws",
            "reverse_dns_prefix": "com.amazonaws"
          },
          "sensitive_attributes": []
        }
      ]
    },
    {
      "module": "module.lambda_smart_rag",
      "mode": "data",
      "type": "aws_region",
      "name": "current",
      "provider": "provider[\"registry.terraform.io/hashicorp/aws\"]",
      "instances": [
        {
          "schema_version": 0,
          "attributes": {
            "description": "Europe (Ireland)",
            "endpoint": "ec2.eu-west-1.amazonaws.com",
            "id": "eu-west-1",
            "name": "eu-west-1",
            "region": "eu-west-1"
          },
          "sensitive_attributes": []
        }
      ]
    },
    {
      "module": "module.lambda_smart_rag",
      "mode": "data",
      "type": "external",
      "name": "archive_prepare",
      "provider": "provider[\"registry.terraform.io/hashicorp/external\"]",
      "instances": [
        {
          "index_key": 0,
          "schema_version": 0,
          "attributes": {
            "id": "-",
            "program": [
              "python3",
              ".terraform/modules/lambda_smart_rag/package.py",
              "prepare"
            ],
            "query": {
              "artifacts_dir": "builds",
              "docker": null,
              "hash_extra": "",
              "hash_extra_paths": "[]",
              "paths": "{\"cwd\":\"/Users/shanmugapriya.basker/Documents/Projects/analytical-platform/terraform/aws/analytical-platform-data-engineering-sandbox-a/moj-de-user-guidance\",\"module\":\".terraform/modules/lambda_smart_rag\",\"root\":\".\"}",
              "recreate_missing_package": "true",
              "runtime": "python3.11",
              "source_path": "\"./lambda-functions/smart-rag\""
            },
            "result": {
              "build_plan": "{\"filename\": \"builds/35bec2f6fa7ee8eb6c474b753d4e44d86a6862b6b9bbe7cf079c20f1f7604208.zip\", \"runtime\": \"python3.11\", \"artifacts_dir\": \"builds\", \"build_plan\": [[[\"pip\", \"python3.11\", \"./lambda-functions/smart-rag/requirements.txt\", null, null], [\"zip\", \"./lambda-functions/smart-rag\", null]]]}",
              "build_plan_filename": "builds/35bec2f6fa7ee8eb6c474b753d4e44d86a6862b6b9bbe7cf079c20f1f7604208.plan.json",
              "filename": "builds/35bec2f6fa7ee8eb6c474b753d4e44d86a6862b6b9bbe7cf079c20f1f7604208.zip",
              "timestamp": "1770931092641028000",
              "was_missing": "true"
            },
            "working_dir": null
          },
          "sensitive_attributes": []
        }
      ]
    },
    {
      "module": "module.lambda_smart_rag",
      "mode": "managed",
      "type": "aws_cloudwatch_log_group",
      "name": "lambda",
      "provider": "provider[\"registry.terraform.io/hashicorp/aws\"]",
      "instances": [
        {
          "index_key": 0,
          "schema_version": 0,
          "attributes": {
            "arn": "arn:aws:logs:eu-west-1:684969100054:log-group:/aws/lambda/lambda_smart_rag",
            "id": "/aws/lambda/lambda_smart_rag",
            "kms_key_id": "",
            "log_group_class": "STANDARD",
            "name": "/aws/lambda/lambda_smart_rag",
            "name_prefix": "",
            "region": "eu-west-1",
            "retention_in_days": 0,
            "skip_destroy": false,
            "tags": null,
            "tags_all": {
              "application": "Analytical Platform",
              "business-unit": "Central Digital",
              "component": "MOJ DE User Guidance",
              "environment": "sandbox",
              "infrastructure-support": "analytical-platform:analytical-platform@digital.justice.gov.uk",
              "is-production": "false",
              "owner": "analytical-platform:analytical-platform@digital.justice.gov.uk",
              "source-code": "github.com/ministryofjustice/analytical-platform"
            }
          },
          "sensitive_attributes": [],
          "private": "bnVsbA=="
        }
      ]
    },
    {
      "module": "module.lambda_smart_rag",
      "mode": "managed",
      "type": "aws_lambda_function",
      "name": "this",
      "provider": "provider[\"registry.terraform.io/hashicorp/aws\"]",
      "instances": [
        {
          "index_key": 0,
          "schema_version": 0,
          "attributes": {
            "architectures": [
              "x86_64"
            ],
            "arn": "arn:aws:lambda:eu-west-1:684969100054:function:lambda_smart_rag",
            "code_sha256": "t6P0klzdOV87LWoECmo3+6inpBnNCESkiL3Mgq1U+sA=",
            "code_signing_config_arn": "",
            "dead_letter_config": [],
            "description": "Smart RAG Lambda function for MOJ DE User Guidance",
            "environment": [
              {
                "variables": {
                  "BEDROCK_REGION": "eu-west-1",
                  "BUCKET_NAME": "moj-de-user-guidance",
                  "KB_ID": "",
                  "MAX_CONTEXT_TOKENS": "4000",
                  "MODEL_ID": "anthropic.claude-3-5-sonnet-20241022-v2:0"
                }
              }
            ],
            "ephemeral_storage": [
              {
                "size": 512
              }
            ],
            "file_system_config": [],
            "filename": "builds/35bec2f6fa7ee8eb6c474b753d4e44d86a6862b6b9bbe7cf079c20f1f7604208.zip",
            "function_name": "lambda_smart_rag",
            "handler": "lambda_handler.lambda_handler",
            "id": "lambda_smart_rag",
            "image_config": [],
            "image_uri": "",
            "invoke_arn": "arn:aws:apigateway:eu-west-1:lambda:path/2015-03-31/functions/arn:aws:lambda:eu-west-1:684969100054:function:lambda_smart_rag/invocations",
            "kms_key_arn": "",
            "last_modified": "2026-02-12T21:19:03.718+0000",
            "layers": null,
            "logging_config": [
              {
                "application_log_level": "",
                "log_format": "Text",
                "log_group": "/aws/lambda/lambda_smart_rag",
                "system_log_level": ""
              }
            ],
            "memory_size": 512,
            "package_type": "Zip",
            "publish": false,
            "qualified_arn": "arn:aws:lambda:eu-west-1:684969100054:function:lambda_smart_rag:$LATEST",
            "qualified_invoke_arn": "arn:aws:apigateway:eu-west-1:lambda:path/2015-03-31/functions/arn:aws:lambda:eu-west-1:684969100054:function:lambda_smart_rag:$LATEST/invocations",
            "region": "eu-west-1",
            "replace_security_groups_on_destroy": null,
            "replacement_security_group_ids": null,
            "reserved_concurrent_executions": -1,
            "role": "arn:aws:iam::684969100054:role/lambda-smart-rag-role",
            "runtime": "python3.11",
            "s3_bucket": null,
            "s3_key": null,
            "s3_object_version": null,
            "signing_job_arn": "",
            "signing_profile_version_arn": "",
            "skip_destroy": false,
            "snap_start": [],
            "source_code_hash": "",
            "source_code_size": 6425386,
            "source_kms_key_arn": "",
            "tags": {
              "terraform-aws-modules": "lambda"
            },
            "tags_all": {
              "application": "Analytical Platform",
              "business-unit": "Central Digital",
              "component": "MOJ DE User Guidance",
              "environment": "sandbox",
              "infrastructure-support": "analytical-platform:analytical-platform@digital.justice.gov.uk",
              "is-production": "false",
              "owner": "analytical-platform:analytical-platform@digital.justice.gov.uk",
              "source-code": "github.com/ministryofjustice/analytical-platform",
              "terraform-aws-modules": "lambda"
            },
            "timeout": 60,
            "timeouts": null,
            "tracing_config": [
              {
                "mode": "PassThrough"
              }
            ],
            "version": "$LATEST",
            "vpc_config": []
          },
          "sensitive_attributes": [],
          "private": "eyJlMmJmYjczMC1lY2FhLTExZTYtOGY4OC0zNDM2M2JjN2M0YzAiOnsiY3JlYXRlIjo2MDAwMDAwMDAwMDAsImRlbGV0ZSI6NjAwMDAwMDAwMDAwLCJ1cGRhdGUiOjYwMDAwMDAwMDAwMH19",
          "dependencies": [
            "aws_iam_role.lambda_smart_rag",
            "module.lambda_smart_rag.aws_cloudwatch_log_group.lambda",
            "module.lambda_smart_rag.aws_iam_role.lambda",
            "module.lambda_smart_rag.aws_iam_role_policy.additional_inline",
            "module.lambda_smart_rag.aws_iam_role_policy.additional_json",
            "module.lambda_smart_rag.aws_iam_role_policy.additional_jsons",
            "module.lambda_smart_rag.aws_iam_role_policy.async",
            "module.lambda_smart_rag.aws_iam_role_policy.dead_letter",
            "module.lambda_smart_rag.aws_iam_role_policy.logs",
            "module.lambda_smart_rag.aws_iam_role_policy.tracing",
            "module.lambda_smart_rag.aws_iam_role_policy.vpc",
            "module.lambda_smart_rag.aws_iam_role_policy_attachment.additional_many",
            "module.lambda_smart_rag.aws_iam_role_policy_attachment.additional_one",
            "module.lambda_smart_rag.aws_s3_object.lambda_package",
            "module.lambda_smart_rag.data.aws_partition.current",
            "module.lambda_smart_rag.data.external.archive_prepare",
            "module.lambda_smart_rag.local_file.archive_plan",
            "module.lambda_smart_rag.null_resource.archive",
            "module.moj_de_user_guidance.aws_s3_bucket.this",
            "module.moj_de_user_guidance.aws_s3_directory_bucket.this"
          ]
        }
      ]
    },
    {
      "module": "module.lambda_smart_rag",
      "mode": "managed",
      "type": "local_file",
      "name": "archive_plan",
      "provider": "provider[\"registry.terraform.io/hashicorp/local\"]",
      "instances": [
        {
          "index_key": 0,
          "schema_version": 0,
          "attributes": {
            "content": "{\"filename\": \"builds/35bec2f6fa7ee8eb6c474b753d4e44d86a6862b6b9bbe7cf079c20f1f7604208.zip\", \"runtime\": \"python3.11\", \"artifacts_dir\": \"builds\", \"build_plan\": [[[\"pip\", \"python3.11\", \"./lambda-functions/smart-rag/requirements.txt\", null, null], [\"zip\", \"./lambda-functions/smart-rag\", null]]]}",
            "content_base64": null,
            "content_base64sha256": "+lCeLF++Bcjkhe6dlR059r4Z/fX6eh2A0OFItEiBrsg=",
            "content_base64sha512": "yVTHg9tRvrXdK32TelOyXw+nH61IVjmrro5xqq67Cx9B2YABxdP+8JhmOOeTH7S/yiEOH5/DNt6ew7MY+CfJtw==",
            "content_md5": "58cddce648b70f1d339cd8923bb598a7",
            "content_sha1": "3fc9445edc30fae5a085c10f1091c4eb3c8c04ed",
            "content_sha256": "fa509e2c5fbe05c8e485ee9d951d39f6be19fdf5fa7a1d80d0e148b44881aec8",
            "content_sha512": "c954c783db51beb5dd2b7d937a53b25f0fa71fad485639abae8e71aaaebb0b1f41d98001c5d3fef0986638e7931fb4bfca210e1f9fc336de9ec3b318f827c9b7",
            "directory_permission": "0755",
            "file_permission": "0644",
            "filename": "builds/35bec2f6fa7ee8eb6c474b753d4e44d86a6862b6b9bbe7cf079c20f1f7604208.plan.json",
            "id": "3fc9445edc30fae5a085c10f1091c4eb3c8c04ed",
            "sensitive_content": null,
            "source": null
          },
          "sensitive_attributes": [],
          "dependencies": [
            "module.lambda_smart_rag.data.external.archive_prepare"
          ]
        }
      ]
    },
    {
      "module": "module.lambda_smart_rag",
      "mode": "managed",
      "type": "null_resource",
      "name": "archive",
      "provider": "provider[\"registry.terraform.io/hashicorp/null\"]",
      "instances": [
        {
          "index_key": 0,
          "schema_version": 0,
          "attributes": {
            "id": "314374572822224648",
            "triggers": {
              "filename": "builds/35bec2f6fa7ee8eb6c474b753d4e44d86a6862b6b9bbe7cf079c20f1f7604208.zip",
              "timestamp": null
            }
          },
          "sensitive_attributes": [],
          "dependencies": [
            "module.lambda_smart_rag.data.external.archive_prepare",
            "module.lambda_smart_rag.local_file.archive_plan"
          ]
        }
      ]
    },
    {
      "module": "module.moj_de_user_guidance",
      "mode": "data",
      "type": "aws_caller_identity",
      "name": "current",
      "provider": "provider[\"registry.terraform.io/hashicorp/aws\"]",
      "instances": [
        {
          "schema_version": 0,
          "attributes": {
            "account_id": "684969100054",
            "arn": "arn:aws:sts::684969100054:assumed-role/GlobalGitHubActionAdmin/aws-go-sdk-1770931092770991000",
            "id": "684969100054",
            "user_id": "AROAZ662XAMLLQG5NWOPK:aws-go-sdk-1770931092770991000"
          },
          "sensitive_attributes": []
        }
      ]
    },
    {
      "module": "module.moj_de_user_guidance",
      "mode": "data",
      "type": "aws_partition",
      "name": "current",
      "provider": "provider[\"registry.terraform.io/hashicorp/aws\"]",
      "instances": [
        {
          "schema_version": 0,
          "attributes": {
            "dns_suffix": "amazonaws.com",
            "id": "aws",
            "partition": "aws",
            "reverse_dns_prefix": "com.amazonaws"
          },
          "sensitive_attributes": []
        }
      ]
    },
    {
      "module": "module.moj_de_user_guidance",
      "mode": "data",
      "type": "aws_region",
      "name": "current",
      "provider": "provider[\"registry.terraform.io/hashicorp/aws\"]",
      "instances": [
        {
          "schema_version": 0,
          "attributes": {
            "description": "Europe (Ireland)",
            "endpoint": "ec2.eu-west-1.amazonaws.com",
            "id": "eu-west-1",
            "name": "eu-west-1",
            "region": "eu-west-1"
          },
          "sensitive_attributes": []
        }
      ]
    },
    {
      "module": "module.moj_de_user_guidance",
      "mode": "managed",
      "type": "aws_s3_bucket",
      "name": "this",
      "provider": "provider[\"registry.terraform.io/hashicorp/aws\"]",
      "instances": [
        {
          "index_key": 0,
          "schema_version": 0,
          "attributes": {
            "acceleration_status": "",
            "acl": null,
            "arn": "arn:aws:s3:::moj-de-user-guidance",
            "bucket": "moj-de-user-guidance",
            "bucket_domain_name": "moj-de-user-guidance.s3.amazonaws.com",
            "bucket_prefix": "",
            "bucket_region": "eu-west-1",
            "bucket_regional_domain_name": "moj-de-user-guidance.s3.eu-west-1.amazonaws.com",
            "cors_rule": [],
            "force_destroy": false,
            "grant": [
              {
                "id": "38f34d41d5c7d18ae5f5dcb634a22b0b71d13e91ca98caa586c7eebd05eeea67",
                "permissions": [
                  "FULL_CONTROL"
                ],
                "type": "CanonicalUser",
                "uri": ""
              }
            ],
            "hosted_zone_id": "Z1BKCTXD74EZPE",
            "id": "moj-de-user-guidance",
            "lifecycle_rule": [],
            "logging": [],
            "object_lock_configuration": [],
            "object_lock_enabled": false,
            "policy": "",
            "region": "eu-west-1",
            "replication_configuration": [],
            "request_payer": "BucketOwner",
            "server_side_encryption_configuration": [
              {
                "rule": [
                  {
                    "apply_server_side_encryption_by_default": [
                      {
                        "kms_master_key_id": "",
                        "sse_algorithm": "AES256"
                      }
                    ],
                    "bucket_key_enabled": false
                  }
                ]
              }
            ],
            "tags": null,
            "tags_all": {
              "application": "Analytical Platform",
              "business-unit": "Central Digital",
              "component": "MOJ DE User Guidance",
              "environment": "sandbox",
              "infrastructure-support": "analytical-platform:analytical-platform@digital.justice.gov.uk",
              "is-production": "false",
              "owner": "analytical-platform:analytical-platform@digital.justice.gov.uk",
              "source-code": "github.com/ministryofjustice/analytical-platform"
            },
            "timeouts": null,
            "versioning": [
              {
                "enabled": false,
                "mfa_delete": false
              }
            ],
            "website": [],
            "website_domain": null,
            "website_endpoint": null
          },
          "sensitive_attributes": [],
          "private": "eyJlMmJmYjczMC1lY2FhLTExZTYtOGY4OC0zNDM2M2JjN2M0YzAiOnsiY3JlYXRlIjoxMjAwMDAwMDAwMDAwLCJkZWxldGUiOjM2MDAwMDAwMDAwMDAsInJlYWQiOjEyMDAwMDAwMDAwMDAsInVwZGF0ZSI6MTIwMDAwMDAwMDAwMH19"
        }
      ]
    },
    {
      "module": "module.moj_de_user_guidance",
      "mode": "managed",
      "type": "aws_s3_bucket_public_access_block",
      "name": "this",
      "provider": "provider[\"registry.terraform.io/hashicorp/aws\"]",
      "instances": [
        {
          "index_key": 0,
          "schema_version": 0,
          "attributes": {
            "block_public_acls": true,
            "block_public_policy": true,
            "bucket": "moj-de-user-guidance",
            "id": "moj-de-user-guidance",
            "ignore_public_acls": true,
            "region": "eu-west-1",
            "restrict_public_buckets": true,
            "skip_destroy": true
          },
          "sensitive_attributes": [],
          "private": "bnVsbA==",
          "dependencies": [
            "module.moj_de_user_guidance.aws_s3_bucket.this"
          ]
        }
      ]
    },
    {
      "module": "module.moj_de_user_guidance",
      "mode": "managed",
      "type": "aws_s3_bucket_server_side_encryption_configuration",
      "name": "this",
      "provider": "provider[\"registry.terraform.io/hashicorp/aws\"]",
      "instances": [
        {
          "index_key": 0,
          "schema_version": 0,
          "attributes": {
            "bucket": "moj-de-user-guidance",
            "expected_bucket_owner": "",
            "id": "moj-de-user-guidance",
            "region": "eu-west-1",
            "rule": [
              {
                "apply_server_side_encryption_by_default": [
                  {
                    "kms_master_key_id": "",
                    "sse_algorithm": "AES256"
                  }
                ],
                "bucket_key_enabled": false
              }
            ]
          },
          "sensitive_attributes": [],
          "private": "bnVsbA==",
          "dependencies": [
            "module.moj_de_user_guidance.aws_s3_bucket.this",
            "module.moj_de_user_guidance.aws_s3_directory_bucket.this"
          ]
        }
      ]
    },
    {
      "module": "module.moj_de_user_guidance",
      "mode": "managed",
      "type": "aws_s3_bucket_versioning",
      "name": "this",
      "provider": "provider[\"registry.terraform.io/hashicorp/aws\"]",
      "instances": [
        {
          "index_key": 0,
          "schema_version": 0,
          "attributes": {
            "bucket": "moj-de-user-guidance",
            "expected_bucket_owner": "",
            "id": "moj-de-user-guidance",
            "mfa": null,
            "region": "eu-west-1",
            "versioning_configuration": [
              {
                "mfa_delete": "",
                "status": "Enabled"
              }
            ]
          },
          "sensitive_attributes": [],
          "private": "bnVsbA==",
          "dependencies": [
            "module.moj_de_user_guidance.aws_s3_bucket.this"
          ]
        }
      ]
    }
  ],
  "check_results": null
}
